
Microsoft Visual Studio Solution File, Format Version 11.00
# Visual Studio 2010
Project("{930C7802-8A8C-48F9-8165-68863BCCD9DD}") = "Installer", "Installer\Installer.wixproj", "{A193602B-6CBE-4C0D-ABBD-558F9E8F46B8}"
EndProject
Project("{FAE04EC0-301F-11D3-BF4B-00C04F79EFBC}") = "CopyUncPathCSharp", "CopyUncPathCSharp\CopyUncPathCSharp.csproj", "{2BED6459-3CEB-425E-9EC9-5FA3E25BBED7}"
EndProject
Project("{8BC9CEB8-8B4A-11D0-8D11-00A0C91BC942}") = "CopyUncPath", "CopyUncPath\CopyUncPath.vcxproj", "{4B7A46E6-3FFE-481D-BEC4-BCE1D5D036DC}"
EndProject
Global
	GlobalSection(SolutionConfigurationPlatforms) = preSolution
		Debug|Mixed Platforms = Debug|Mixed Platforms
		Debug|Win32 = Debug|Win32
		Debug|x64 = Debug|x64
		Debug|x86 = Debug|x86
		Release|Mixed Platforms = Release|Mixed Platforms
		Release|Win32 = Release|Win32
		Release|x64 = Release|x64
		Release|x86 = Release|x86
	EndGlobalSection
	GlobalSection(ProjectConfigurationPlatforms) = postSolution
		{A193602B-6CBE-4C0D-ABBD-558F9E8F46B8}.Debug|Mixed Platforms.ActiveCfg = Debug|x64
		{A193602B-6CBE-4C0D-ABBD-558F9E8F46B8}.Debug|Mixed Platforms.Build.0 = Debug|x64
		{A193602B-6CBE-4C0D-ABBD-558F9E8F46B8}.Debug|Win32.ActiveCfg = Debug|x64
		{A193602B-6CBE-4C0D-ABBD-558F9E8F46B8}.Debug|x64.ActiveCfg = Debug|x64
		{A193602B-6CBE-4C0D-ABBD-558F9E8F46B8}.Debug|x64.Build.0 = Debug|x64
		{A193602B-6CBE-4C0D-ABBD-558F9E8F46B8}.Debug|x86.ActiveCfg = Release|x86
		{A193602B-6CBE-4C0D-ABBD-558F9E8F46B8}.Debug|x86.Build.0 = Release|x86
		{A193602B-6CBE-4C0D-ABBD-558F9E8F46B8}.Release|Mixed Platforms.ActiveCfg = Release|x64
		{A193602B-6CBE-4C0D-ABBD-558F9E8F46B8}.Release|Mixed Platforms.Build.0 = Release|x64
		{A193602B-6CBE-4C0D-ABBD-558F9E8F46B8}.Release|Win32.ActiveCfg = Release|x64
		{A193602B-6CBE-4C0D-ABBD-558F9E8F46B8}.Release|x64.ActiveCfg = Release|x64
		{A193602B-6CBE-4C0D-ABBD-558F9E8F46B8}.Release|x64.Build.0 = Release|x64
		{A193602B-6CBE-4C0D-ABBD-558F9E8F46B8}.Release|x86.ActiveCfg = Release|x86
		{A193602B-6CBE-4C0D-ABBD-558F9E8F46B8}.Release|x86.Build.0 = Release|x86
		{2BED6459-3CEB-425E-9EC9-5FA3E25BBED7}.Debug|Mixed Platforms.ActiveCfg = Debug|x64
		{2BED6459-3CEB-425E-9EC9-5FA3E25BBED7}.Debug|Mixed Platforms.Build.0 = Debug|x64
		{2BED6459-3CEB-425E-9EC9-5FA3E25BBED7}.Debug|Win32.ActiveCfg = Debug|x64
		{2BED6459-3CEB-425E-9EC9-5FA3E25BBED7}.Debug|x64.ActiveCfg = Debug|x64
		{2BED6459-3CEB-425E-9EC9-5FA3E25BBED7}.Debug|x64.Build.0 = Debug|x64
		{2BED6459-3CEB-425E-9EC9-5FA3E25BBED7}.Debug|x86.ActiveCfg = Debug|x86
		{2BED6459-3CEB-425E-9EC9-5FA3E25BBED7}.Debug|x86.Build.0 = Debug|x86
		{2BED6459-3CEB-425E-9EC9-5FA3E25BBED7}.Release|Mixed Platforms.ActiveCfg = Release|x64
		{2BED6459-3CEB-425E-9EC9-5FA3E25BBED7}.Release|Mixed Platforms.Build.0 = Release|x64
		{2BED6459-3CEB-425E-9EC9-5FA3E25BBED7}.Release|Win32.ActiveCfg = Release|x64
		{2BED6459-3CEB-425E-9EC9-5FA3E25BBED7}.Release|x64.ActiveCfg = Release|x64
		{2BED6459-3CEB-425E-9EC9-5FA3E25BBED7}.Release|x64.Build.0 = Release|x64
		{2BED6459-3CEB-425E-9EC9-5FA3E25BBED7}.Release|x86.ActiveCfg = Release|x86
		{2BED6459-3CEB-425E-9EC9-5FA3E25BBED7}.Release|x86.Build.0 = Release|x86
		{4B7A46E6-3FFE-481D-BEC4-BCE1D5D036DC}.Debug|Mixed Platforms.ActiveCfg = Debug|Win32
		{4B7A46E6-3FFE-481D-BEC4-BCE1D5D036DC}.Debug|Mixed Platforms.Build.0 = Debug|Win32
		{4B7A46E6-3FFE-481D-BEC4-BCE1D5D036DC}.Debug|Win32.ActiveCfg = Debug|Win32
		{4B7A46E6-3FFE-481D-BEC4-BCE1D5D036DC}.Debug|Win32.Build.0 = Debug|Win32
		{4B7A46E6-3FFE-481D-BEC4-BCE1D5D036DC}.Debug|x64.ActiveCfg = Debug|x64
		{4B7A46E6-3FFE-481D-BEC4-BCE1D5D036DC}.Debug|x64.Build.0 = Debug|x64
		{4B7A46E6-3FFE-481D-BEC4-BCE1D5D036DC}.Debug|x86.ActiveCfg = Debug|Win32
		{4B7A46E6-3FFE-481D-BEC4-BCE1D5D036DC}.Debug|x86.Build.0 = Debug|Win32
		{4B7A46E6-3FFE-481D-BEC4-BCE1D5D036DC}.Release|Mixed Platforms.ActiveCfg = Release|Win32
		{4B7A46E6-3FFE-481D-BEC4-BCE1D5D036DC}.Release|Mixed Platforms.Build.0 = Release|Win32
		{4B7A46E6-3FFE-481D-BEC4-BCE1D5D036DC}.Release|Win32.ActiveCfg = Release|Win32
		{4B7A46E6-3FFE-481D-BEC4-BCE1D5D036DC}.Release|Win32.Build.0 = Release|Win32
		{4B7A46E6-3FFE-481D-BEC4-BCE1D5D036DC}.Release|x64.ActiveCfg = Release|x64
		{4B7A46E6-3FFE-481D-BEC4-BCE1D5D036DC}.Release|x64.Build.0 = Release|x64
		{4B7A46E6-3FFE-481D-BEC4-BCE1D5D036DC}.Release|x86.ActiveCfg = Release|Win32
	EndGlobalSection
	GlobalSection(SolutionProperties) = preSolution
		HideSolutionNode = FALSE
	EndGlobalSection
EndGlobal
